{
  "name": "cypress-plugins-course",
  "lockfileVersion": 2,
  "requires": true,
  "packages": {
    "": {
      "devDependencies": {
        "cypress-if": "^1.10.2"
      }
    },
    "node_modules/cypress-if": {
      "version": "1.10.2",
      "resolved": "https://registry.npmjs.org/cypress-if/-/cypress-if-1.10.2.tgz",
      "integrity": "sha512-8BJWdwYSE8QQlxe8ppzX03bPg1BRHpafq0i4Zs17SoRqN/7ZqsV6R686L73PBIBkW7PWmdTnMqLJ1ZpshTixWQ==",
      "dev": true,
      "dependencies": {
        "debug": "^4.3.4"
      }
    },
    "node_modules/debug": {
      "version": "4.3.4",
      "resolved": "https://registry.npmjs.org/debug/-/debug-4.3.4.tgz",
      "integrity": "sha512-PRWFHuSU3eDtQJPvnNY7Jcket1j0t5OuOsFzPPzsekD52Zl8qUfFIPEiswXqIvHWGVHOgX+7G/vCNNhehwxfkQ==",
      "dev": true,
      "dependencies": {
        "ms": "2.1.2"
      },
      "engines": {
        "node": ">=6.0"
      },
      "peerDependenciesMeta": {
        "supports-color": {
          "optional": true
        }
      }
    },
    "node_modules/ms": {
      "version": "2.1.2",
      "resolved": "https://registry.npmjs.org/ms/-/ms-2.1.2.tgz",
      "integrity": "sha512-sGkPx+VjMtmA6MX27oA4FBFELFCZZ4S4XqeGOXCv68tT+jb3vk/RyaKWP0PTKyWtmLSM0b+adUTEvbs1PEaH2w==",
      "dev": true
    }
  },
  "dependencies": {
    "cypress-if": {
      "version": "1.10.2",
      "resolved": "https://registry.npmjs.org/cypress-if/-/cypress-if-1.10.2.tgz",
      "integrity": "sha512-8BJWdwYSE8QQlxe8ppzX03bPg1BRHpafq0i4Zs17SoRqN/7ZqsV6R686L73PBIBkW7PWmdTnMqLJ1ZpshTixWQ==",
      "dev": true,
      "requires": {
        "debug": "^4.3.4"
      }
    },
    "debug": {
      "version": "4.3.4",
      "resolved": "https://registry.npmjs.org/debug/-/debug-4.3.4.tgz",
      "integrity": "sha512-PRWFHuSU3eDtQJPvnNY7Jcket1j0t5OuOsFzPPzsekD52Zl8qUfFIPEiswXqIvHWGVHOgX+7G/vCNNhehwxfkQ==",
      "dev": true,
      "requires": {
        "ms": "2.1.2"
      }
    },
    "ms": {
      "version": "2.1.2",
      "resolved": "https://registry.npmjs.org/ms/-/ms-2.1.2.tgz",
      "integrity": "sha512-sGkPx+VjMtmA6MX27oA4FBFELFCZZ4S4XqeGOXCv68tT+jb3vk/RyaKWP0PTKyWtmLSM0b+adUTEvbs1PEaH2w==",
      "dev": true
    }
  }
}
